{
  "requires": true,
  "lockfileVersion": 1,
  "dependencies": {
    "aos": {
      "version": "2.2.0",
      "resolved": "https://registry.npmjs.org/aos/-/aos-2.2.0.tgz",
      "integrity": "sha1-44ioczJMmeXa4MUWkibRFj3uUTU=",
      "requires": {
        "classlist-polyfill": "^1.0.3",
        "lodash.debounce": "^4.0.6",
        "lodash.throttle": "^4.0.1"
      }
    },
    "bootstrap": {
      "version": "4.0.0-beta",
      "resolved": "https://registry.npmjs.org/bootstrap/-/bootstrap-4.0.0-beta.tgz",
      "integrity": "sha1-3FkoF10ucTELxmjPngWpByEbcqY="
    },
    "bootstrap4-notify": {
      "version": "4.0.3",
      "resolved": "https://registry.npmjs.org/bootstrap4-notify/-/bootstrap4-notify-4.0.3.tgz",
      "integrity": "sha512-WopJYixeH22gbGswC57pLODS5sY9grNlb/Uu7C8mrWm1NRxz64n4FrfCILaOX3n4egoZ54J7kGB6Anl5AiZSqA=="
    },
    "classlist-polyfill": {
      "version": "1.2.0",
      "resolved": "https://registry.npmjs.org/classlist-polyfill/-/classlist-polyfill-1.2.0.tgz",
      "integrity": "sha1-k1vC39lFiodrJ5YXUUY4vKqWSi4="
    },
    "counterup": {
      "version": "1.0.2",
      "resolved": "https://registry.npmjs.org/counterup/-/counterup-1.0.2.tgz",
      "integrity": "sha1-B9vh5dMYwXAtv/ir4l6aS4Jp3Hg=",
      "requires": {
        "jquery": ">=1.5",
        "waypoints": ">=2.0"
      }
    },
    "jquery": {
      "version": "3.2.1",
      "resolved": "https://registry.npmjs.org/jquery/-/jquery-3.2.1.tgz",
      "integrity": "sha1-XE2d5lKvbNCncBVKYxu6ErAVx4c="
    },
    "lodash.debounce": {
      "version": "4.0.8",
      "resolved": "https://registry.npmjs.org/lodash.debounce/-/lodash.debounce-4.0.8.tgz",
      "integrity": "sha1-gteb/zCmfEAF/9XiUVMArZyk168="
    },
    "lodash.throttle": {
      "version": "4.1.1",
      "resolved": "https://registry.npmjs.org/lodash.throttle/-/lodash.throttle-4.1.1.tgz",
      "integrity": "sha1-wj6RtxAkKscMN/HhzaknTMOb8vQ="
    },
    "magnific-popup": {
      "version": "1.1.0",
      "resolved": "https://registry.npmjs.org/magnific-popup/-/magnific-popup-1.1.0.tgz",
      "integrity": "sha1-PnNixb0Y9nhf6Z5Z0BPiCvM9MEk="
    },
    "owl.carousel": {
      "version": "2.2.0",
      "resolved": "https://registry.npmjs.org/owl.carousel/-/owl.carousel-2.2.0.tgz",
      "integrity": "sha1-81mNAeYHV7wQeys8YSMbEUDPNgw=",
      "requires": {
        "jquery": ">=1.8.3"
      }
    },
    "perfect-scrollbar": {
      "version": "0.8.1",
      "resolved": "https://registry.npmjs.org/perfect-scrollbar/-/perfect-scrollbar-0.8.1.tgz",
      "integrity": "sha1-nNy1DnJ0C42n5aSlNPNsNfTgphM="
    },
    "waypoints": {
      "version": "4.0.1",
      "resolved": "https://registry.npmjs.org/waypoints/-/waypoints-4.0.1.tgz",
      "integrity": "sha1-CZeaBXOBCylifLpDZqKEoGLsacg="
    }
  }
}
